PODS:
  - AFNetworking (4.0.1):
    - AFNetworking/NSURLSession (= 4.0.1)
    - AFNetworking/Reachability (= 4.0.1)
    - AFNetworking/Security (= 4.0.1)
    - AFNetworking/Serialization (= 4.0.1)
    - AFNetworking/UIKit (= 4.0.1)
  - AFNetworking/NSURLSession (4.0.1):
    - AFNetworking/Reachability
    - AFNetworking/Security
    - AFNetworking/Serialization
  - AFNetworking/Reachability (4.0.1)
  - AFNetworking/Security (4.0.1)
  - AFNetworking/Serialization (4.0.1)
  - AFNetworking/UIKit (4.0.1):
    - AFNetworking/NSURLSession
  - AppAuth (1.6.1):
    - AppAuth/Core (= 1.6.1)
    - AppAuth/ExternalUserAgent (= 1.6.1)
  - AppAuth/Core (1.6.1)
  - AppAuth/ExternalUserAgent (1.6.1):
    - AppAuth/Core
  - Charts (4.1.0):
    - Charts/Core (= 4.1.0)
  - Charts/Core (4.1.0):
    - SwiftAlgorithms (~> 1.0)
  - DTMHeatmap (1.0)
  - SwiftAlgorithms (1.0.0)

DEPENDENCIES:
  - AFNetworking (~> 4.0.1)
  - AppAuth (~> 1.6.1)
  - Charts (~> 4.1.0)
  - DTMHeatmap

SPEC REPOS:
  trunk:
    - AFNetworking
    - AppAuth
    - Charts
    - DTMHeatmap
    - SwiftAlgorithms

SPEC CHECKSUMS:
  AFNetworking: 3bd23d814e976cd148d7d44c3ab78017b744cd58
  AppAuth: e48b432bb4ba88b10cb2bcc50d7f3af21e78b9c2
  Charts: 354f86803d11d9c35de280587fef50d1af063978
  DTMHeatmap: f5588af0730fbfe78c75d6d013f1932d7d327ab2
  SwiftAlgorithms: 38dda4731d19027fdeee1125f973111bf3386b53

PODFILE CHECKSUM: 265bfab09ad90f0a1b760bbf26ea3bf06de1729d

COCOAPODS: 1.12.1
