PODS:
  - AFNetworking (4.0.1):
    - AFNetworking/NSURLSession (= 4.0.1)
    - AFNetworking/Reachability (= 4.0.1)
    - AFNetworking/Security (= 4.0.1)
    - AFNetworking/Serialization (= 4.0.1)
    - AFNetworking/UIKit (= 4.0.1)
  - AFNetworking/NSURLSession (4.0.1):
    - AFNetworking/Reachability
    - AFNetworking/Security
    - AFNetworking/Serialization
  - AFNetworking/Reachability (4.0.1)
  - AFNetworking/Security (4.0.1)
  - AFNetworking/Serialization (4.0.1)
  - AFNetworking/UIKit (4.0.1):
    - AFNetworking/NSURLSession
  - AppAuth (1.6.0):
    - AppAuth/Core (= 1.6.0)
    - AppAuth/ExternalUserAgent (= 1.6.0)
  - AppAuth/Core (1.6.0)
  - AppAuth/ExternalUserAgent (1.6.0):
    - AppAuth/Core
  - Charts (4.1.0):
    - Charts/Core (= 4.1.0)
  - Charts/Core (4.1.0):
    - SwiftAlgorithms (~> 1.0)
  - DTMHeatmap (1.0)
  - SwiftAlgorithms (1.0.0)

DEPENDENCIES:
  - AFNetworking (~> 4.0)
  - AppAuth (~> 1.6.0)
  - Charts (~> 4.1.0)
  - DTMHeatmap

SPEC REPOS:
  trunk:
    - AFNetworking
    - AppAuth
    - Charts
    - DTMHeatmap
    - SwiftAlgorithms

SPEC CHECKSUMS:
  AFNetworking: 7864c38297c79aaca1500c33288e429c3451fdce
  AppAuth: 8fca6b5563a5baef2c04bee27538025e4ceb2add
  Charts: 354f86803d11d9c35de280587fef50d1af063978
  DTMHeatmap: f5588af0730fbfe78c75d6d013f1932d7d327ab2
  SwiftAlgorithms: 38dda4731d19027fdeee1125f973111bf3386b53

PODFILE CHECKSUM: a631480bc1dd58848305a93202e205c96657d973

COCOAPODS: 1.11.3
