// !$*UTF8*$!
{
	archiveVersion = 1;
	classes = {
	};
	objectVersion = 46;
	objects = {

/* Begin PBXBuildFile section */
		123E4B66A6134ECC5DC9E578 /* Pods_PassiveDataKitTests.framework in Frameworks */ = {isa = PBXBuildFile; fileRef = 41A36D6DB44665BE53047EC5 /* Pods_PassiveDataKitTests.framework */; };
		381F1C041FE78832008DCE52 /* libsqlite3.tbd in Frameworks */ = {isa = PBXBuildFile; fileRef = 38C666B21D0380CD00E6A6C8 /* libsqlite3.tbd */; };
		38276F082216444900859EA6 /* PDKSystemStatusGenerator.h in Headers */ = {isa = PBXBuildFile; fileRef = 38276F062216444900859EA6 /* PDKSystemStatusGenerator.h */; settings = {ATTRIBUTES = (Public, ); }; };
		38276F092216444900859EA6 /* PDKSystemStatusGenerator.m in Sources */ = {isa = PBXBuildFile; fileRef = 38276F072216444900859EA6 /* PDKSystemStatusGenerator.m */; };
		382BEDD21F01B41500A99FA4 /* CoreMotion.framework in Frameworks */ = {isa = PBXBuildFile; fileRef = 382BEDD11F01B41500A99FA4 /* CoreMotion.framework */; };
		383ECC561D1F5178004E0B2B /* PassiveDataKit.strings in Resources */ = {isa = PBXBuildFile; fileRef = 383ECC551D1F5178004E0B2B /* PassiveDataKit.strings */; };
		383ECC611D1F742E004E0B2B /* Assets.xcassets in Resources */ = {isa = PBXBuildFile; fileRef = 383ECC601D1F742E004E0B2B /* Assets.xcassets */; };
		383ECC631D1F7E9F004E0B2B /* MapKit.framework in Frameworks */ = {isa = PBXBuildFile; fileRef = 383ECC621D1F7E9F004E0B2B /* MapKit.framework */; };
		384089D122F0E91300F18243 /* PDKAccelerometerGenerator.h in Headers */ = {isa = PBXBuildFile; fileRef = 384089CF22F0E91300F18243 /* PDKAccelerometerGenerator.h */; settings = {ATTRIBUTES = (Public, ); }; };
		384089D222F0E91300F18243 /* PDKAccelerometerGenerator.m in Sources */ = {isa = PBXBuildFile; fileRef = 384089D022F0E91300F18243 /* PDKAccelerometerGenerator.m */; };
		3842F7351CDA2021007F843D /* PassiveDataKit.h in Headers */ = {isa = PBXBuildFile; fileRef = 3842F7341CDA2021007F843D /* PassiveDataKit.h */; settings = {ATTRIBUTES = (Public, ); }; };
		3842F73C1CDA2021007F843D /* PassiveDataKit.framework in Frameworks */ = {isa = PBXBuildFile; fileRef = 3842F7311CDA2021007F843D /* PassiveDataKit.framework */; };
		3842F7411CDA2021007F843D /* PassiveDataKitTests.m in Sources */ = {isa = PBXBuildFile; fileRef = 3842F7401CDA2021007F843D /* PassiveDataKitTests.m */; };
		3842F7571CDA20FE007F843D /* PassiveDataKit.m in Sources */ = {isa = PBXBuildFile; fileRef = 3842F7551CDA20FE007F843D /* PassiveDataKit.m */; };
		387F9A511D1B8ACD007FA29A /* SystemConfiguration.framework in Frameworks */ = {isa = PBXBuildFile; fileRef = 387F9A501D1B8ACD007FA29A /* SystemConfiguration.framework */; };
		387F9A531D1B8AD7007FA29A /* CoreTelephony.framework in Frameworks */ = {isa = PBXBuildFile; fileRef = 387F9A521D1B8AD7007FA29A /* CoreTelephony.framework */; };
		387F9A551D1B8ADE007FA29A /* Accelerate.framework in Frameworks */ = {isa = PBXBuildFile; fileRef = 387F9A541D1B8ADE007FA29A /* Accelerate.framework */; };
		387F9A571D1B8AF3007FA29A /* CoreGraphics.framework in Frameworks */ = {isa = PBXBuildFile; fileRef = 387F9A561D1B8AF3007FA29A /* CoreGraphics.framework */; };
		387F9A591D1B8AF9007FA29A /* QuartzCore.framework in Frameworks */ = {isa = PBXBuildFile; fileRef = 387F9A581D1B8AF9007FA29A /* QuartzCore.framework */; };
		387F9A5C1D1B8E32007FA29A /* libicucore.tbd in Frameworks */ = {isa = PBXBuildFile; fileRef = 387F9A5B1D1B8E32007FA29A /* libicucore.tbd */; };
		388D5E401EF76CD500C9A2A2 /* PassiveDataKit-Shared.h in Headers */ = {isa = PBXBuildFile; fileRef = 388D5E3F1EF76C5000C9A2A2 /* PassiveDataKit-Shared.h */; settings = {ATTRIBUTES = (Public, ); }; };
		389DE4D61EF74DDA009C8B27 /* NSString+RAInflections.h in Headers */ = {isa = PBXBuildFile; fileRef = 389DE4D41EF74DDA009C8B27 /* NSString+RAInflections.h */; settings = {ATTRIBUTES = (Public, ); }; };
		389DE4D71EF74DDA009C8B27 /* NSString+RAInflections.m in Sources */ = {isa = PBXBuildFile; fileRef = 389DE4D51EF74DDA009C8B27 /* NSString+RAInflections.m */; };
		38F3333A21236D670096D54B /* PDKFitbitGenerator.h in Headers */ = {isa = PBXBuildFile; fileRef = 38F3333821236D670096D54B /* PDKFitbitGenerator.h */; settings = {ATTRIBUTES = (Public, ); }; };
		38F3333B21236D670096D54B /* PDKFitbitGenerator.m in Sources */ = {isa = PBXBuildFile; fileRef = 38F3333921236D670096D54B /* PDKFitbitGenerator.m */; };
		38F3336B21238F190096D54B /* PDKAlertsTableViewController.h in Headers */ = {isa = PBXBuildFile; fileRef = 38F3336921238F190096D54B /* PDKAlertsTableViewController.h */; settings = {ATTRIBUTES = (Public, ); }; };
		38F3336C21238F190096D54B /* PDKAlertsTableViewController.m in Sources */ = {isa = PBXBuildFile; fileRef = 38F3336A21238F190096D54B /* PDKAlertsTableViewController.m */; };
		38F33394212EEAF20096D54B /* PDKWithingsGenerator.h in Headers */ = {isa = PBXBuildFile; fileRef = 38F33392212EEAF20096D54B /* PDKWithingsGenerator.h */; settings = {ATTRIBUTES = (Public, ); }; };
		38F33395212EEAF20096D54B /* PDKWithingsGenerator.m in Sources */ = {isa = PBXBuildFile; fileRef = 38F33393212EEAF20096D54B /* PDKWithingsGenerator.m */; };
		38FDC0C8211DDD3E00D2E51C /* PDKPedometerGeneratorViewController.h in Headers */ = {isa = PBXBuildFile; fileRef = 38FDC0C6211DDD3E00D2E51C /* PDKPedometerGeneratorViewController.h */; };
		38FDC0C9211DDD3E00D2E51C /* PDKPedometerGeneratorViewController.m in Sources */ = {isa = PBXBuildFile; fileRef = 38FDC0C7211DDD3E00D2E51C /* PDKPedometerGeneratorViewController.m */; };
		38FDC0E0211E0E8B00D2E51C /* PDKEventsGenerator.m in Sources */ = {isa = PBXBuildFile; fileRef = 38FDC0D0211E0E8A00D2E51C /* PDKEventsGenerator.m */; };
		38FDC0E1211E0E8B00D2E51C /* PDKBatteryGenerator.m in Sources */ = {isa = PBXBuildFile; fileRef = 38FDC0D1211E0E8A00D2E51C /* PDKBatteryGenerator.m */; };
		38FDC0E7211E0E8B00D2E51C /* PDKPedometerGenerator.h in Headers */ = {isa = PBXBuildFile; fileRef = 38FDC0D7211E0E8A00D2E51C /* PDKPedometerGenerator.h */; settings = {ATTRIBUTES = (Public, ); }; };
		38FDC0E8211E0E8B00D2E51C /* PDKEventsGenerator.h in Headers */ = {isa = PBXBuildFile; fileRef = 38FDC0D8211E0E8A00D2E51C /* PDKEventsGenerator.h */; settings = {ATTRIBUTES = (Public, ); }; };
		38FDC0E9211E0E8B00D2E51C /* PDKPedometerGenerator.m in Sources */ = {isa = PBXBuildFile; fileRef = 38FDC0D9211E0E8A00D2E51C /* PDKPedometerGenerator.m */; };
		38FDC0EA211E0E8B00D2E51C /* PDKBaseGenerator.h in Headers */ = {isa = PBXBuildFile; fileRef = 38FDC0DA211E0E8B00D2E51C /* PDKBaseGenerator.h */; settings = {ATTRIBUTES = (Public, ); }; };
		38FDC0ED211E0E8B00D2E51C /* PDKBatteryGenerator.h in Headers */ = {isa = PBXBuildFile; fileRef = 38FDC0DD211E0E8B00D2E51C /* PDKBatteryGenerator.h */; settings = {ATTRIBUTES = (Public, ); }; };
		38FDC0EE211E0E8B00D2E51C /* PDKBaseGenerator.m in Sources */ = {isa = PBXBuildFile; fileRef = 38FDC0DE211E0E8B00D2E51C /* PDKBaseGenerator.m */; };
		38FDC0F1211E0E9600D2E51C /* PDKDataReportViewController.m in Sources */ = {isa = PBXBuildFile; fileRef = 38FDC0EF211E0E9600D2E51C /* PDKDataReportViewController.m */; };
		38FDC0F2211E0E9600D2E51C /* PDKDataReportViewController.h in Headers */ = {isa = PBXBuildFile; fileRef = 38FDC0F0211E0E9600D2E51C /* PDKDataReportViewController.h */; settings = {ATTRIBUTES = (Public, ); }; };
		38FDC0F5211E0EA300D2E51C /* PDKHttpTransmitter.m in Sources */ = {isa = PBXBuildFile; fileRef = 38FDC0F3211E0EA300D2E51C /* PDKHttpTransmitter.m */; };
		38FDC0F6211E0EA300D2E51C /* PDKHttpTransmitter.h in Headers */ = {isa = PBXBuildFile; fileRef = 38FDC0F4211E0EA300D2E51C /* PDKHttpTransmitter.h */; settings = {ATTRIBUTES = (Public, ); }; };
		38FDC104211E0EBE00D2E51C /* PDKGeneratorViewController.m in Sources */ = {isa = PBXBuildFile; fileRef = 38FDC0F8211E0EBD00D2E51C /* PDKGeneratorViewController.m */; };
		38FDC105211E0EBE00D2E51C /* PDKGeneratorViewController.h in Headers */ = {isa = PBXBuildFile; fileRef = 38FDC0F9211E0EBD00D2E51C /* PDKGeneratorViewController.h */; };
		38FDC107211E0EBE00D2E51C /* PDKEventsGeneratorViewController.m in Sources */ = {isa = PBXBuildFile; fileRef = 38FDC0FB211E0EBD00D2E51C /* PDKEventsGeneratorViewController.m */; };
		38FDC109211E0EBE00D2E51C /* PDKBatteryGeneratorViewController.m in Sources */ = {isa = PBXBuildFile; fileRef = 38FDC0FD211E0EBD00D2E51C /* PDKBatteryGeneratorViewController.m */; };
		38FDC10A211E0EBE00D2E51C /* PDKEventsGeneratorViewController.h in Headers */ = {isa = PBXBuildFile; fileRef = 38FDC0FE211E0EBD00D2E51C /* PDKEventsGeneratorViewController.h */; };
		38FDC10B211E0EBE00D2E51C /* PDKGeneratorDetailsViewController.h in Headers */ = {isa = PBXBuildFile; fileRef = 38FDC0FF211E0EBD00D2E51C /* PDKGeneratorDetailsViewController.h */; settings = {ATTRIBUTES = (Public, ); }; };
		38FDC10C211E0EBE00D2E51C /* PDKGeneratorDetailsViewController.m in Sources */ = {isa = PBXBuildFile; fileRef = 38FDC100211E0EBD00D2E51C /* PDKGeneratorDetailsViewController.m */; };
		38FDC10E211E0EBE00D2E51C /* PDKBatteryGeneratorViewController.h in Headers */ = {isa = PBXBuildFile; fileRef = 38FDC102211E0EBE00D2E51C /* PDKBatteryGeneratorViewController.h */; };
		38FDC16621207B6100D2E51C /* NSArray+Statistics.m in Sources */ = {isa = PBXBuildFile; fileRef = 38FDC15B21207B6100D2E51C /* NSArray+Statistics.m */; };
		38FDC16721207B6100D2E51C /* NSArray+Statistics.h in Headers */ = {isa = PBXBuildFile; fileRef = 38FDC16521207B6100D2E51C /* NSArray+Statistics.h */; };
		FF66AF7C5CF45E62FF48D097 /* Pods_PassiveDataKit.framework in Frameworks */ = {isa = PBXBuildFile; fileRef = 29451940FA0F1A569BB7B9E1 /* Pods_PassiveDataKit.framework */; };
/* End PBXBuildFile section */

/* Begin PBXContainerItemProxy section */
		3842F73D1CDA2021007F843D /* PBXContainerItemProxy */ = {
			isa = PBXContainerItemProxy;
			containerPortal = 3842F7281CDA2021007F843D /* Project object */;
			proxyType = 1;
			remoteGlobalIDString = 3842F7301CDA2021007F843D;
			remoteInfo = PassiveDataKit;
		};
/* End PBXContainerItemProxy section */

/* Begin PBXCopyFilesBuildPhase section */
		3874B47A233D0C8F0063F808 /* Embed Frameworks */ = {
			isa = PBXCopyFilesBuildPhase;
			buildActionMask = 2147483647;
			dstPath = "";
			dstSubfolderSpec = 10;
			files = (
			);
			name = "Embed Frameworks";
			runOnlyForDeploymentPostprocessing = 0;
		};
/* End PBXCopyFilesBuildPhase section */

/* Begin PBXFileReference section */
		29451940FA0F1A569BB7B9E1 /* Pods_PassiveDataKit.framework */ = {isa = PBXFileReference; explicitFileType = wrapper.framework; includeInIndex = 0; path = Pods_PassiveDataKit.framework; sourceTree = BUILT_PRODUCTS_DIR; };
		38276F062216444900859EA6 /* PDKSystemStatusGenerator.h */ = {isa = PBXFileReference; lastKnownFileType = sourcecode.c.h; name = PDKSystemStatusGenerator.h; path = Generators/Devices/PDKSystemStatusGenerator.h; sourceTree = "<group>"; };
		38276F072216444900859EA6 /* PDKSystemStatusGenerator.m */ = {isa = PBXFileReference; lastKnownFileType = sourcecode.c.objc; name = PDKSystemStatusGenerator.m; path = Generators/Devices/PDKSystemStatusGenerator.m; sourceTree = "<group>"; };
		382BEDD11F01B41500A99FA4 /* CoreMotion.framework */ = {isa = PBXFileReference; lastKnownFileType = wrapper.framework; name = CoreMotion.framework; path = System/Library/Frameworks/CoreMotion.framework; sourceTree = SDKROOT; };
		382E0E0B23A3FECA007AF288 /* PassiveDataKit.podspec */ = {isa = PBXFileReference; fileEncoding = 4; lastKnownFileType = text; path = PassiveDataKit.podspec; sourceTree = "<group>"; };
		383ECC551D1F5178004E0B2B /* PassiveDataKit.strings */ = {isa = PBXFileReference; fileEncoding = 4; lastKnownFileType = text.plist.strings; name = PassiveDataKit.strings; path = Resources/PassiveDataKit.strings; sourceTree = "<group>"; };
		383ECC601D1F742E004E0B2B /* Assets.xcassets */ = {isa = PBXFileReference; lastKnownFileType = folder.assetcatalog; name = Assets.xcassets; path = Resources/Assets.xcassets; sourceTree = "<group>"; };
		383ECC621D1F7E9F004E0B2B /* MapKit.framework */ = {isa = PBXFileReference; lastKnownFileType = wrapper.framework; name = MapKit.framework; path = System/Library/Frameworks/MapKit.framework; sourceTree = SDKROOT; };
		384089CF22F0E91300F18243 /* PDKAccelerometerGenerator.h */ = {isa = PBXFileReference; lastKnownFileType = sourcecode.c.h; name = PDKAccelerometerGenerator.h; path = Generators/Sensors/PDKAccelerometerGenerator.h; sourceTree = "<group>"; };
		384089D022F0E91300F18243 /* PDKAccelerometerGenerator.m */ = {isa = PBXFileReference; lastKnownFileType = sourcecode.c.objc; name = PDKAccelerometerGenerator.m; path = Generators/Sensors/PDKAccelerometerGenerator.m; sourceTree = "<group>"; };
		3842F7311CDA2021007F843D /* PassiveDataKit.framework */ = {isa = PBXFileReference; explicitFileType = wrapper.framework; includeInIndex = 0; path = PassiveDataKit.framework; sourceTree = BUILT_PRODUCTS_DIR; };
		3842F7341CDA2021007F843D /* PassiveDataKit.h */ = {isa = PBXFileReference; lastKnownFileType = sourcecode.c.h; path = PassiveDataKit.h; sourceTree = "<group>"; };
		3842F7361CDA2021007F843D /* Info.plist */ = {isa = PBXFileReference; lastKnownFileType = text.plist.xml; name = Info.plist; path = PassiveDataKit/Info.plist; sourceTree = "<group>"; };
		3842F73B1CDA2021007F843D /* PassiveDataKitTests.xctest */ = {isa = PBXFileReference; explicitFileType = wrapper.cfbundle; includeInIndex = 0; path = PassiveDataKitTests.xctest; sourceTree = BUILT_PRODUCTS_DIR; };
		3842F7401CDA2021007F843D /* PassiveDataKitTests.m */ = {isa = PBXFileReference; lastKnownFileType = sourcecode.c.objc; path = PassiveDataKitTests.m; sourceTree = "<group>"; };
		3842F7421CDA2021007F843D /* Info.plist */ = {isa = PBXFileReference; lastKnownFileType = text.plist.xml; path = Info.plist; sourceTree = "<group>"; };
		3842F7551CDA20FE007F843D /* PassiveDataKit.m */ = {isa = PBXFileReference; fileEncoding = 4; lastKnownFileType = sourcecode.c.objc; path = PassiveDataKit.m; sourceTree = "<group>"; };
		387F9A501D1B8ACD007FA29A /* SystemConfiguration.framework */ = {isa = PBXFileReference; lastKnownFileType = wrapper.framework; name = SystemConfiguration.framework; path = System/Library/Frameworks/SystemConfiguration.framework; sourceTree = SDKROOT; };
		387F9A521D1B8AD7007FA29A /* CoreTelephony.framework */ = {isa = PBXFileReference; lastKnownFileType = wrapper.framework; name = CoreTelephony.framework; path = System/Library/Frameworks/CoreTelephony.framework; sourceTree = SDKROOT; };
		387F9A541D1B8ADE007FA29A /* Accelerate.framework */ = {isa = PBXFileReference; lastKnownFileType = wrapper.framework; name = Accelerate.framework; path = System/Library/Frameworks/Accelerate.framework; sourceTree = SDKROOT; };
		387F9A561D1B8AF3007FA29A /* CoreGraphics.framework */ = {isa = PBXFileReference; lastKnownFileType = wrapper.framework; name = CoreGraphics.framework; path = System/Library/Frameworks/CoreGraphics.framework; sourceTree = SDKROOT; };
		387F9A581D1B8AF9007FA29A /* QuartzCore.framework */ = {isa = PBXFileReference; lastKnownFileType = wrapper.framework; name = QuartzCore.framework; path = System/Library/Frameworks/QuartzCore.framework; sourceTree = SDKROOT; };
		387F9A5B1D1B8E32007FA29A /* libicucore.tbd */ = {isa = PBXFileReference; lastKnownFileType = "sourcecode.text-based-dylib-definition"; name = libicucore.tbd; path = usr/lib/libicucore.tbd; sourceTree = SDKROOT; };
		388D5E3F1EF76C5000C9A2A2 /* PassiveDataKit-Shared.h */ = {isa = PBXFileReference; lastKnownFileType = sourcecode.c.h; path = "PassiveDataKit-Shared.h"; sourceTree = "<group>"; };
		389DE4D41EF74DDA009C8B27 /* NSString+RAInflections.h */ = {isa = PBXFileReference; fileEncoding = 4; lastKnownFileType = sourcecode.c.h; path = "NSString+RAInflections.h"; sourceTree = "<group>"; };
		389DE4D51EF74DDA009C8B27 /* NSString+RAInflections.m */ = {isa = PBXFileReference; fileEncoding = 4; lastKnownFileType = sourcecode.c.objc; path = "NSString+RAInflections.m"; sourceTree = "<group>"; };
		389DE4E01EF76597009C8B27 /* PassiveDataKit.modulemap */ = {isa = PBXFileReference; lastKnownFileType = "sourcecode.module-map"; path = PassiveDataKit.modulemap; sourceTree = "<group>"; };
		38A652421CDA30DB00AE8B3B /* CoreLocation.framework */ = {isa = PBXFileReference; lastKnownFileType = wrapper.framework; name = CoreLocation.framework; path = System/Library/Frameworks/CoreLocation.framework; sourceTree = SDKROOT; };
		38C666B21D0380CD00E6A6C8 /* libsqlite3.tbd */ = {isa = PBXFileReference; lastKnownFileType = "sourcecode.text-based-dylib-definition"; name = libsqlite3.tbd; path = usr/lib/libsqlite3.tbd; sourceTree = SDKROOT; };
		38F3333821236D670096D54B /* PDKFitbitGenerator.h */ = {isa = PBXFileReference; lastKnownFileType = sourcecode.c.h; name = PDKFitbitGenerator.h; path = Generators/PDKFitbitGenerator.h; sourceTree = "<group>"; };
		38F3333921236D670096D54B /* PDKFitbitGenerator.m */ = {isa = PBXFileReference; lastKnownFileType = sourcecode.c.objc; name = PDKFitbitGenerator.m; path = Generators/PDKFitbitGenerator.m; sourceTree = "<group>"; };
		38F3336921238F190096D54B /* PDKAlertsTableViewController.h */ = {isa = PBXFileReference; lastKnownFileType = sourcecode.c.h; name = PDKAlertsTableViewController.h; path = "View Controllers/PDKAlertsTableViewController.h"; sourceTree = "<group>"; };
		38F3336A21238F190096D54B /* PDKAlertsTableViewController.m */ = {isa = PBXFileReference; lastKnownFileType = sourcecode.c.objc; name = PDKAlertsTableViewController.m; path = "View Controllers/PDKAlertsTableViewController.m"; sourceTree = "<group>"; };
		38F33392212EEAF20096D54B /* PDKWithingsGenerator.h */ = {isa = PBXFileReference; lastKnownFileType = sourcecode.c.h; name = PDKWithingsGenerator.h; path = Generators/PDKWithingsGenerator.h; sourceTree = "<group>"; };
		38F33393212EEAF20096D54B /* PDKWithingsGenerator.m */ = {isa = PBXFileReference; lastKnownFileType = sourcecode.c.objc; name = PDKWithingsGenerator.m; path = Generators/PDKWithingsGenerator.m; sourceTree = "<group>"; };
		38FDC0C6211DDD3E00D2E51C /* PDKPedometerGeneratorViewController.h */ = {isa = PBXFileReference; lastKnownFileType = sourcecode.c.h; name = PDKPedometerGeneratorViewController.h; path = "Generators/View Controllers/PDKPedometerGeneratorViewController.h"; sourceTree = "<group>"; };
		38FDC0C7211DDD3E00D2E51C /* PDKPedometerGeneratorViewController.m */ = {isa = PBXFileReference; lastKnownFileType = sourcecode.c.objc; name = PDKPedometerGeneratorViewController.m; path = "Generators/View Controllers/PDKPedometerGeneratorViewController.m"; sourceTree = "<group>"; };
		38FDC0D0211E0E8A00D2E51C /* PDKEventsGenerator.m */ = {isa = PBXFileReference; fileEncoding = 4; lastKnownFileType = sourcecode.c.objc; name = PDKEventsGenerator.m; path = Generators/PDKEventsGenerator.m; sourceTree = "<group>"; };
		38FDC0D1211E0E8A00D2E51C /* PDKBatteryGenerator.m */ = {isa = PBXFileReference; fileEncoding = 4; lastKnownFileType = sourcecode.c.objc; name = PDKBatteryGenerator.m; path = Generators/PDKBatteryGenerator.m; sourceTree = "<group>"; };
		38FDC0D7211E0E8A00D2E51C /* PDKPedometerGenerator.h */ = {isa = PBXFileReference; fileEncoding = 4; lastKnownFileType = sourcecode.c.h; name = PDKPedometerGenerator.h; path = Generators/PDKPedometerGenerator.h; sourceTree = "<group>"; };
		38FDC0D8211E0E8A00D2E51C /* PDKEventsGenerator.h */ = {isa = PBXFileReference; fileEncoding = 4; lastKnownFileType = sourcecode.c.h; name = PDKEventsGenerator.h; path = Generators/PDKEventsGenerator.h; sourceTree = "<group>"; };
		38FDC0D9211E0E8A00D2E51C /* PDKPedometerGenerator.m */ = {isa = PBXFileReference; fileEncoding = 4; lastKnownFileType = sourcecode.c.objc; name = PDKPedometerGenerator.m; path = Generators/PDKPedometerGenerator.m; sourceTree = "<group>"; };
		38FDC0DA211E0E8B00D2E51C /* PDKBaseGenerator.h */ = {isa = PBXFileReference; fileEncoding = 4; lastKnownFileType = sourcecode.c.h; name = PDKBaseGenerator.h; path = Generators/PDKBaseGenerator.h; sourceTree = "<group>"; };
		38FDC0DD211E0E8B00D2E51C /* PDKBatteryGenerator.h */ = {isa = PBXFileReference; fileEncoding = 4; lastKnownFileType = sourcecode.c.h; name = PDKBatteryGenerator.h; path = Generators/PDKBatteryGenerator.h; sourceTree = "<group>"; };
		38FDC0DE211E0E8B00D2E51C /* PDKBaseGenerator.m */ = {isa = PBXFileReference; fileEncoding = 4; lastKnownFileType = sourcecode.c.objc; name = PDKBaseGenerator.m; path = Generators/PDKBaseGenerator.m; sourceTree = "<group>"; };
		38FDC0EF211E0E9600D2E51C /* PDKDataReportViewController.m */ = {isa = PBXFileReference; fileEncoding = 4; lastKnownFileType = sourcecode.c.objc; name = PDKDataReportViewController.m; path = "View Controllers/PDKDataReportViewController.m"; sourceTree = "<group>"; };
		38FDC0F0211E0E9600D2E51C /* PDKDataReportViewController.h */ = {isa = PBXFileReference; fileEncoding = 4; lastKnownFileType = sourcecode.c.h; name = PDKDataReportViewController.h; path = "View Controllers/PDKDataReportViewController.h"; sourceTree = "<group>"; };
		38FDC0F3211E0EA300D2E51C /* PDKHttpTransmitter.m */ = {isa = PBXFileReference; fileEncoding = 4; lastKnownFileType = sourcecode.c.objc; name = PDKHttpTransmitter.m; path = Transmitters/PDKHttpTransmitter.m; sourceTree = "<group>"; };
		38FDC0F4211E0EA300D2E51C /* PDKHttpTransmitter.h */ = {isa = PBXFileReference; fileEncoding = 4; lastKnownFileType = sourcecode.c.h; name = PDKHttpTransmitter.h; path = Transmitters/PDKHttpTransmitter.h; sourceTree = "<group>"; };
		38FDC0F8211E0EBD00D2E51C /* PDKGeneratorViewController.m */ = {isa = PBXFileReference; fileEncoding = 4; lastKnownFileType = sourcecode.c.objc; name = PDKGeneratorViewController.m; path = "Generators/View Controllers/PDKGeneratorViewController.m"; sourceTree = "<group>"; };
		38FDC0F9211E0EBD00D2E51C /* PDKGeneratorViewController.h */ = {isa = PBXFileReference; fileEncoding = 4; lastKnownFileType = sourcecode.c.h; name = PDKGeneratorViewController.h; path = "Generators/View Controllers/PDKGeneratorViewController.h"; sourceTree = "<group>"; };
		38FDC0FB211E0EBD00D2E51C /* PDKEventsGeneratorViewController.m */ = {isa = PBXFileReference; fileEncoding = 4; lastKnownFileType = sourcecode.c.objc; name = PDKEventsGeneratorViewController.m; path = "Generators/View Controllers/PDKEventsGeneratorViewController.m"; sourceTree = "<group>"; };
		38FDC0FD211E0EBD00D2E51C /* PDKBatteryGeneratorViewController.m */ = {isa = PBXFileReference; fileEncoding = 4; lastKnownFileType = sourcecode.c.objc; name = PDKBatteryGeneratorViewController.m; path = "Generators/View Controllers/PDKBatteryGeneratorViewController.m"; sourceTree = "<group>"; };
		38FDC0FE211E0EBD00D2E51C /* PDKEventsGeneratorViewController.h */ = {isa = PBXFileReference; fileEncoding = 4; lastKnownFileType = sourcecode.c.h; name = PDKEventsGeneratorViewController.h; path = "Generators/View Controllers/PDKEventsGeneratorViewController.h"; sourceTree = "<group>"; };
		38FDC0FF211E0EBD00D2E51C /* PDKGeneratorDetailsViewController.h */ = {isa = PBXFileReference; fileEncoding = 4; lastKnownFileType = sourcecode.c.h; name = PDKGeneratorDetailsViewController.h; path = "Generators/View Controllers/PDKGeneratorDetailsViewController.h"; sourceTree = "<group>"; };
		38FDC100211E0EBD00D2E51C /* PDKGeneratorDetailsViewController.m */ = {isa = PBXFileReference; fileEncoding = 4; lastKnownFileType = sourcecode.c.objc; name = PDKGeneratorDetailsViewController.m; path = "Generators/View Controllers/PDKGeneratorDetailsViewController.m"; sourceTree = "<group>"; };
		38FDC102211E0EBE00D2E51C /* PDKBatteryGeneratorViewController.h */ = {isa = PBXFileReference; fileEncoding = 4; lastKnownFileType = sourcecode.c.h; name = PDKBatteryGeneratorViewController.h; path = "Generators/View Controllers/PDKBatteryGeneratorViewController.h"; sourceTree = "<group>"; };
		38FDC15B21207B6100D2E51C /* NSArray+Statistics.m */ = {isa = PBXFileReference; fileEncoding = 4; lastKnownFileType = sourcecode.c.objc; path = "NSArray+Statistics.m"; sourceTree = "<group>"; };
		38FDC16521207B6100D2E51C /* NSArray+Statistics.h */ = {isa = PBXFileReference; fileEncoding = 4; lastKnownFileType = sourcecode.c.h; path = "NSArray+Statistics.h"; sourceTree = "<group>"; };
		39F59A71EBEFBB33F457C448 /* Pods-PassiveDataKit.debug.xcconfig */ = {isa = PBXFileReference; includeInIndex = 1; lastKnownFileType = text.xcconfig; name = "Pods-PassiveDataKit.debug.xcconfig"; path = "Target Support Files/Pods-PassiveDataKit/Pods-PassiveDataKit.debug.xcconfig"; sourceTree = "<group>"; };
		3EBA64E4987B51B4E905FD7F /* Pods-PassiveDataKitTests.release.xcconfig */ = {isa = PBXFileReference; includeInIndex = 1; lastKnownFileType = text.xcconfig; name = "Pods-PassiveDataKitTests.release.xcconfig"; path = "Target Support Files/Pods-PassiveDataKitTests/Pods-PassiveDataKitTests.release.xcconfig"; sourceTree = "<group>"; };
		41A36D6DB44665BE53047EC5 /* Pods_PassiveDataKitTests.framework */ = {isa = PBXFileReference; explicitFileType = wrapper.framework; includeInIndex = 0; path = Pods_PassiveDataKitTests.framework; sourceTree = BUILT_PRODUCTS_DIR; };
		4C924B9DF5BE465A03CEF501 /* Pods-PassiveDataKitTests.debug.xcconfig */ = {isa = PBXFileReference; includeInIndex = 1; lastKnownFileType = text.xcconfig; name = "Pods-PassiveDataKitTests.debug.xcconfig"; path = "Target Support Files/Pods-PassiveDataKitTests/Pods-PassiveDataKitTests.debug.xcconfig"; sourceTree = "<group>"; };
		4E5D3D0AAC020CFDA2CC4C3B /* Pods-PassiveDataKit.release.xcconfig */ = {isa = PBXFileReference; includeInIndex = 1; lastKnownFileType = text.xcconfig; name = "Pods-PassiveDataKit.release.xcconfig"; path = "Target Support Files/Pods-PassiveDataKit/Pods-PassiveDataKit.release.xcconfig"; sourceTree = "<group>"; };
/* End PBXFileReference section */

/* Begin PBXFrameworksBuildPhase section */
		3842F72D1CDA2021007F843D /* Frameworks */ = {
			isa = PBXFrameworksBuildPhase;
			buildActionMask = 2147483647;
			files = (
				381F1C041FE78832008DCE52 /* libsqlite3.tbd in Frameworks */,
				382BEDD21F01B41500A99FA4 /* CoreMotion.framework in Frameworks */,
				383ECC631D1F7E9F004E0B2B /* MapKit.framework in Frameworks */,
				387F9A5C1D1B8E32007FA29A /* libicucore.tbd in Frameworks */,
				387F9A591D1B8AF9007FA29A /* QuartzCore.framework in Frameworks */,
				387F9A571D1B8AF3007FA29A /* CoreGraphics.framework in Frameworks */,
				387F9A551D1B8ADE007FA29A /* Accelerate.framework in Frameworks */,
				387F9A531D1B8AD7007FA29A /* CoreTelephony.framework in Frameworks */,
				387F9A511D1B8ACD007FA29A /* SystemConfiguration.framework in Frameworks */,
				FF66AF7C5CF45E62FF48D097 /* Pods_PassiveDataKit.framework in Frameworks */,
			);
			runOnlyForDeploymentPostprocessing = 0;
		};
		3842F7381CDA2021007F843D /* Frameworks */ = {
			isa = PBXFrameworksBuildPhase;
			buildActionMask = 2147483647;
			files = (
				3842F73C1CDA2021007F843D /* PassiveDataKit.framework in Frameworks */,
				123E4B66A6134ECC5DC9E578 /* Pods_PassiveDataKitTests.framework in Frameworks */,
			);
			runOnlyForDeploymentPostprocessing = 0;
		};
/* End PBXFrameworksBuildPhase section */

/* Begin PBXGroup section */
		38276F052216442300859EA6 /* Device */ = {
			isa = PBXGroup;
			children = (
				38276F062216444900859EA6 /* PDKSystemStatusGenerator.h */,
				38276F072216444900859EA6 /* PDKSystemStatusGenerator.m */,
			);
			name = Device;
			sourceTree = "<group>";
		};
		38276F1C2219F1D200859EA6 /* Environment */ = {
			isa = PBXGroup;
			children = (
			);
			name = Environment;
			sourceTree = "<group>";
		};
		383ECC571D1F517F004E0B2B /* Resources */ = {
			isa = PBXGroup;
			children = (
				3842F7361CDA2021007F843D /* Info.plist */,
				383ECC551D1F5178004E0B2B /* PassiveDataKit.strings */,
				383ECC601D1F742E004E0B2B /* Assets.xcassets */,
				382E0E0B23A3FECA007AF288 /* PassiveDataKit.podspec */,
			);
			name = Resources;
			sourceTree = "<group>";
		};
		384089CE22F0E8F400F18243 /* Sensors */ = {
			isa = PBXGroup;
			children = (
				384089CF22F0E91300F18243 /* PDKAccelerometerGenerator.h */,
				384089D022F0E91300F18243 /* PDKAccelerometerGenerator.m */,
			);
			name = Sensors;
			sourceTree = "<group>";
		};
		3842F7271CDA2021007F843D = {
			isa = PBXGroup;
			children = (
				3842F7331CDA2021007F843D /* PassiveDataKit */,
				383ECC571D1F517F004E0B2B /* Resources */,
				3842F73F1CDA2021007F843D /* PassiveDataKitTests */,
				38A652441CDA30E800AE8B3B /* Frameworks */,
				3842F7321CDA2021007F843D /* Products */,
				A58FCAB4BE797AABE4A91895 /* Pods */,
			);
			sourceTree = "<group>";
		};
		3842F7321CDA2021007F843D /* Products */ = {
			isa = PBXGroup;
			children = (
				3842F7311CDA2021007F843D /* PassiveDataKit.framework */,
				3842F73B1CDA2021007F843D /* PassiveDataKitTests.xctest */,
			);
			name = Products;
			sourceTree = "<group>";
		};
		3842F7331CDA2021007F843D /* PassiveDataKit */ = {
			isa = PBXGroup;
			children = (
				38C666B41D038A8E00E6A6C8 /* Third Party */,
				38C666AD1D037FA700E6A6C8 /* Generators */,
				389DE4CA1EF748EB009C8B27 /* Transmitters */,
				3842F7341CDA2021007F843D /* PassiveDataKit.h */,
				3842F7551CDA20FE007F843D /* PassiveDataKit.m */,
				38FDC0F0211E0E9600D2E51C /* PDKDataReportViewController.h */,
				38FDC0EF211E0E9600D2E51C /* PDKDataReportViewController.m */,
				389DE4E01EF76597009C8B27 /* PassiveDataKit.modulemap */,
				388D5E3F1EF76C5000C9A2A2 /* PassiveDataKit-Shared.h */,
				38F3336921238F190096D54B /* PDKAlertsTableViewController.h */,
				38F3336A21238F190096D54B /* PDKAlertsTableViewController.m */,
			);
			path = PassiveDataKit;
			sourceTree = "<group>";
		};
		3842F73F1CDA2021007F843D /* PassiveDataKitTests */ = {
			isa = PBXGroup;
			children = (
				3842F7401CDA2021007F843D /* PassiveDataKitTests.m */,
				3842F7421CDA2021007F843D /* Info.plist */,
			);
			path = PassiveDataKitTests;
			sourceTree = "<group>";
		};
		389DE4CA1EF748EB009C8B27 /* Transmitters */ = {
			isa = PBXGroup;
			children = (
				38FDC0F4211E0EA300D2E51C /* PDKHttpTransmitter.h */,
				38FDC0F3211E0EA300D2E51C /* PDKHttpTransmitter.m */,
			);
			name = Transmitters;
			sourceTree = "<group>";
		};
		38A652441CDA30E800AE8B3B /* Frameworks */ = {
			isa = PBXGroup;
			children = (
				382BEDD11F01B41500A99FA4 /* CoreMotion.framework */,
				383ECC621D1F7E9F004E0B2B /* MapKit.framework */,
				387F9A5B1D1B8E32007FA29A /* libicucore.tbd */,
				387F9A581D1B8AF9007FA29A /* QuartzCore.framework */,
				387F9A561D1B8AF3007FA29A /* CoreGraphics.framework */,
				387F9A541D1B8ADE007FA29A /* Accelerate.framework */,
				387F9A521D1B8AD7007FA29A /* CoreTelephony.framework */,
				387F9A501D1B8ACD007FA29A /* SystemConfiguration.framework */,
				38C666B21D0380CD00E6A6C8 /* libsqlite3.tbd */,
				38A652421CDA30DB00AE8B3B /* CoreLocation.framework */,
				29451940FA0F1A569BB7B9E1 /* Pods_PassiveDataKit.framework */,
				41A36D6DB44665BE53047EC5 /* Pods_PassiveDataKitTests.framework */,
			);
			name = Frameworks;
			sourceTree = "<group>";
		};
		38C666AD1D037FA700E6A6C8 /* Generators */ = {
			isa = PBXGroup;
			children = (
				384089CE22F0E8F400F18243 /* Sensors */,
				38276F1C2219F1D200859EA6 /* Environment */,
				38276F052216442300859EA6 /* Device */,
				38F3333721236D400096D54B /* Fitness Services & Devices */,
				38FDC0DA211E0E8B00D2E51C /* PDKBaseGenerator.h */,
				38FDC0DE211E0E8B00D2E51C /* PDKBaseGenerator.m */,
				38FDC0DD211E0E8B00D2E51C /* PDKBatteryGenerator.h */,
				38FDC0D1211E0E8A00D2E51C /* PDKBatteryGenerator.m */,
				38FDC0D8211E0E8A00D2E51C /* PDKEventsGenerator.h */,
				38FDC0D0211E0E8A00D2E51C /* PDKEventsGenerator.m */,
				38FDC0D7211E0E8A00D2E51C /* PDKPedometerGenerator.h */,
				38FDC0D9211E0E8A00D2E51C /* PDKPedometerGenerator.m */,
				38DC94851D2346EC00552259 /* View Controllers */,
			);
			name = Generators;
			sourceTree = "<group>";
		};
		38C666B41D038A8E00E6A6C8 /* Third Party */ = {
			isa = PBXGroup;
			children = (
				389DE4D41EF74DDA009C8B27 /* NSString+RAInflections.h */,
				389DE4D51EF74DDA009C8B27 /* NSString+RAInflections.m */,
				38FDC16521207B6100D2E51C /* NSArray+Statistics.h */,
				38FDC15B21207B6100D2E51C /* NSArray+Statistics.m */,
			);
			name = "Third Party";
			path = "Third-Party";
			sourceTree = "<group>";
		};
		38DC94851D2346EC00552259 /* View Controllers */ = {
			isa = PBXGroup;
			children = (
				38FDC102211E0EBE00D2E51C /* PDKBatteryGeneratorViewController.h */,
				38FDC0FD211E0EBD00D2E51C /* PDKBatteryGeneratorViewController.m */,
				38FDC0FE211E0EBD00D2E51C /* PDKEventsGeneratorViewController.h */,
				38FDC0FB211E0EBD00D2E51C /* PDKEventsGeneratorViewController.m */,
				38FDC0FF211E0EBD00D2E51C /* PDKGeneratorDetailsViewController.h */,
				38FDC100211E0EBD00D2E51C /* PDKGeneratorDetailsViewController.m */,
				38FDC0F9211E0EBD00D2E51C /* PDKGeneratorViewController.h */,
				38FDC0F8211E0EBD00D2E51C /* PDKGeneratorViewController.m */,
				38FDC0C6211DDD3E00D2E51C /* PDKPedometerGeneratorViewController.h */,
				38FDC0C7211DDD3E00D2E51C /* PDKPedometerGeneratorViewController.m */,
			);
			name = "View Controllers";
			sourceTree = "<group>";
		};
		38F3333721236D400096D54B /* Fitness Services & Devices */ = {
			isa = PBXGroup;
			children = (
				38F3333821236D670096D54B /* PDKFitbitGenerator.h */,
				38F3333921236D670096D54B /* PDKFitbitGenerator.m */,
				38F33392212EEAF20096D54B /* PDKWithingsGenerator.h */,
				38F33393212EEAF20096D54B /* PDKWithingsGenerator.m */,
			);
			name = "Fitness Services & Devices";
			sourceTree = "<group>";
		};
		A58FCAB4BE797AABE4A91895 /* Pods */ = {
			isa = PBXGroup;
			children = (
				39F59A71EBEFBB33F457C448 /* Pods-PassiveDataKit.debug.xcconfig */,
				4E5D3D0AAC020CFDA2CC4C3B /* Pods-PassiveDataKit.release.xcconfig */,
				4C924B9DF5BE465A03CEF501 /* Pods-PassiveDataKitTests.debug.xcconfig */,
				3EBA64E4987B51B4E905FD7F /* Pods-PassiveDataKitTests.release.xcconfig */,
			);
			path = Pods;
			sourceTree = "<group>";
		};
/* End PBXGroup section */

/* Begin PBXHeadersBuildPhase section */
		3842F72E1CDA2021007F843D /* Headers */ = {
			isa = PBXHeadersBuildPhase;
			buildActionMask = 2147483647;
			files = (
				388D5E401EF76CD500C9A2A2 /* PassiveDataKit-Shared.h in Headers */,
				38FDC10E211E0EBE00D2E51C /* PDKBatteryGeneratorViewController.h in Headers */,
				3842F7351CDA2021007F843D /* PassiveDataKit.h in Headers */,
				389DE4D61EF74DDA009C8B27 /* NSString+RAInflections.h in Headers */,
				38FDC0C8211DDD3E00D2E51C /* PDKPedometerGeneratorViewController.h in Headers */,
				38FDC0F6211E0EA300D2E51C /* PDKHttpTransmitter.h in Headers */,
				38FDC0EA211E0E8B00D2E51C /* PDKBaseGenerator.h in Headers */,
				38FDC0E7211E0E8B00D2E51C /* PDKPedometerGenerator.h in Headers */,
				38F33394212EEAF20096D54B /* PDKWithingsGenerator.h in Headers */,
				38FDC0E8211E0E8B00D2E51C /* PDKEventsGenerator.h in Headers */,
				384089D122F0E91300F18243 /* PDKAccelerometerGenerator.h in Headers */,
				38276F082216444900859EA6 /* PDKSystemStatusGenerator.h in Headers */,
				38F3336B21238F190096D54B /* PDKAlertsTableViewController.h in Headers */,
				38F3333A21236D670096D54B /* PDKFitbitGenerator.h in Headers */,
				38FDC0F2211E0E9600D2E51C /* PDKDataReportViewController.h in Headers */,
				38FDC0ED211E0E8B00D2E51C /* PDKBatteryGenerator.h in Headers */,
				38FDC10B211E0EBE00D2E51C /* PDKGeneratorDetailsViewController.h in Headers */,
				38FDC10A211E0EBE00D2E51C /* PDKEventsGeneratorViewController.h in Headers */,
				38FDC16721207B6100D2E51C /* NSArray+Statistics.h in Headers */,
				38FDC105211E0EBE00D2E51C /* PDKGeneratorViewController.h in Headers */,
			);
			runOnlyForDeploymentPostprocessing = 0;
		};
/* End PBXHeadersBuildPhase section */

/* Begin PBXNativeTarget section */
		3842F7301CDA2021007F843D /* PassiveDataKit */ = {
			isa = PBXNativeTarget;
			buildConfigurationList = 3842F7451CDA2021007F843D /* Build configuration list for PBXNativeTarget "PassiveDataKit" */;
			buildPhases = (
				5EE812D70353C8A0B6589B08 /* [CP] Check Pods Manifest.lock */,
				3842F72C1CDA2021007F843D /* Sources */,
				3842F72D1CDA2021007F843D /* Frameworks */,
				3842F72E1CDA2021007F843D /* Headers */,
				3842F72F1CDA2021007F843D /* Resources */,
				3874B47A233D0C8F0063F808 /* Embed Frameworks */,
			);
			buildRules = (
			);
			dependencies = (
			);
			name = PassiveDataKit;
			productName = PassiveDataKit;
			productReference = 3842F7311CDA2021007F843D /* PassiveDataKit.framework */;
			productType = "com.apple.product-type.framework";
		};
		3842F73A1CDA2021007F843D /* PassiveDataKitTests */ = {
			isa = PBXNativeTarget;
			buildConfigurationList = 3842F7481CDA2021007F843D /* Build configuration list for PBXNativeTarget "PassiveDataKitTests" */;
			buildPhases = (
				DA8B309751A3AE64BC84D120 /* [CP] Check Pods Manifest.lock */,
				3842F7371CDA2021007F843D /* Sources */,
				3842F7381CDA2021007F843D /* Frameworks */,
				3842F7391CDA2021007F843D /* Resources */,
				27E9441829863196C381BD86 /* [CP] Embed Pods Frameworks */,
			);
			buildRules = (
			);
			dependencies = (
				3842F73E1CDA2021007F843D /* PBXTargetDependency */,
			);
			name = PassiveDataKitTests;
			productName = PassiveDataKitTests;
			productReference = 3842F73B1CDA2021007F843D /* PassiveDataKitTests.xctest */;
			productType = "com.apple.product-type.bundle.unit-test";
		};
/* End PBXNativeTarget section */

/* Begin PBXProject section */
		3842F7281CDA2021007F843D /* Project object */ = {
			isa = PBXProject;
			attributes = {
				LastUpgradeCheck = 1250;
				ORGANIZATIONNAME = "Audacious Software";
				TargetAttributes = {
					3842F7301CDA2021007F843D = {
						CreatedOnToolsVersion = 7.3;
						LastSwiftMigration = 1120;
					};
					3842F73A1CDA2021007F843D = {
						CreatedOnToolsVersion = 7.3;
					};
				};
			};
			buildConfigurationList = 3842F72B1CDA2021007F843D /* Build configuration list for PBXProject "PassiveDataKit" */;
			compatibilityVersion = "Xcode 3.2";
			developmentRegion = en;
			hasScannedForEncodings = 0;
			knownRegions = (
				en,
				Base,
			);
			mainGroup = 3842F7271CDA2021007F843D;
			productRefGroup = 3842F7321CDA2021007F843D /* Products */;
			projectDirPath = "";
			projectRoot = "";
			targets = (
				3842F7301CDA2021007F843D /* PassiveDataKit */,
				3842F73A1CDA2021007F843D /* PassiveDataKitTests */,
			);
		};
/* End PBXProject section */

/* Begin PBXResourcesBuildPhase section */
		3842F72F1CDA2021007F843D /* Resources */ = {
			isa = PBXResourcesBuildPhase;
			buildActionMask = 2147483647;
			files = (
				383ECC611D1F742E004E0B2B /* Assets.xcassets in Resources */,
				383ECC561D1F5178004E0B2B /* PassiveDataKit.strings in Resources */,
			);
			runOnlyForDeploymentPostprocessing = 0;
		};
		3842F7391CDA2021007F843D /* Resources */ = {
			isa = PBXResourcesBuildPhase;
			buildActionMask = 2147483647;
			files = (
			);
			runOnlyForDeploymentPostprocessing = 0;
		};
/* End PBXResourcesBuildPhase section */

/* Begin PBXShellScriptBuildPhase section */
		27E9441829863196C381BD86 /* [CP] Embed Pods Frameworks */ = {
			isa = PBXShellScriptBuildPhase;
			buildActionMask = 2147483647;
			files = (
			);
			inputPaths = (
				"${PODS_ROOT}/Target Support Files/Pods-PassiveDataKitTests/Pods-PassiveDataKitTests-frameworks.sh",
				"${BUILT_PRODUCTS_DIR}/AFNetworking/AFNetworking.framework",
				"${BUILT_PRODUCTS_DIR}/AppAuth/AppAuth.framework",
				"${BUILT_PRODUCTS_DIR}/Charts/Charts.framework",
				"${BUILT_PRODUCTS_DIR}/DTMHeatmap/DTMHeatmap.framework",
			);
			name = "[CP] Embed Pods Frameworks";
			outputPaths = (
				"${TARGET_BUILD_DIR}/${FRAMEWORKS_FOLDER_PATH}/AFNetworking.framework",
				"${TARGET_BUILD_DIR}/${FRAMEWORKS_FOLDER_PATH}/AppAuth.framework",
				"${TARGET_BUILD_DIR}/${FRAMEWORKS_FOLDER_PATH}/Charts.framework",
				"${TARGET_BUILD_DIR}/${FRAMEWORKS_FOLDER_PATH}/DTMHeatmap.framework",
			);
			runOnlyForDeploymentPostprocessing = 0;
			shellPath = /bin/sh;
			shellScript = "\"${PODS_ROOT}/Target Support Files/Pods-PassiveDataKitTests/Pods-PassiveDataKitTests-frameworks.sh\"\n";
			showEnvVarsInLog = 0;
		};
		5EE812D70353C8A0B6589B08 /* [CP] Check Pods Manifest.lock */ = {
			isa = PBXShellScriptBuildPhase;
			buildActionMask = 2147483647;
			files = (
			);
			inputFileListPaths = (
			);
			inputPaths = (
				"${PODS_PODFILE_DIR_PATH}/Podfile.lock",
				"${PODS_ROOT}/Manifest.lock",
			);
			name = "[CP] Check Pods Manifest.lock";
			outputFileListPaths = (
			);
			outputPaths = (
				"$(DERIVED_FILE_DIR)/Pods-PassiveDataKit-checkManifestLockResult.txt",
			);
			runOnlyForDeploymentPostprocessing = 0;
			shellPath = /bin/sh;
			shellScript = "diff \"${PODS_PODFILE_DIR_PATH}/Podfile.lock\" \"${PODS_ROOT}/Manifest.lock\" > /dev/null\nif [ $? != 0 ] ; then\n    # print error to STDERR\n    echo \"error: The sandbox is not in sync with the Podfile.lock. Run 'pod install' or update your CocoaPods installation.\" >&2\n    exit 1\nfi\n# This output is used by Xcode 'outputs' to avoid re-running this script phase.\necho \"SUCCESS\" > \"${SCRIPT_OUTPUT_FILE_0}\"\n";
			showEnvVarsInLog = 0;
		};
		DA8B309751A3AE64BC84D120 /* [CP] Check Pods Manifest.lock */ = {
			isa = PBXShellScriptBuildPhase;
			buildActionMask = 2147483647;
			files = (
			);
			inputFileListPaths = (
			);
			inputPaths = (
				"${PODS_PODFILE_DIR_PATH}/Podfile.lock",
				"${PODS_ROOT}/Manifest.lock",
			);
			name = "[CP] Check Pods Manifest.lock";
			outputFileListPaths = (
			);
			outputPaths = (
				"$(DERIVED_FILE_DIR)/Pods-PassiveDataKitTests-checkManifestLockResult.txt",
			);
			runOnlyForDeploymentPostprocessing = 0;
			shellPath = /bin/sh;
			shellScript = "diff \"${PODS_PODFILE_DIR_PATH}/Podfile.lock\" \"${PODS_ROOT}/Manifest.lock\" > /dev/null\nif [ $? != 0 ] ; then\n    # print error to STDERR\n    echo \"error: The sandbox is not in sync with the Podfile.lock. Run 'pod install' or update your CocoaPods installation.\" >&2\n    exit 1\nfi\n# This output is used by Xcode 'outputs' to avoid re-running this script phase.\necho \"SUCCESS\" > \"${SCRIPT_OUTPUT_FILE_0}\"\n";
			showEnvVarsInLog = 0;
		};
/* End PBXShellScriptBuildPhase section */

/* Begin PBXSourcesBuildPhase section */
		3842F72C1CDA2021007F843D /* Sources */ = {
			isa = PBXSourcesBuildPhase;
			buildActionMask = 2147483647;
			files = (
				38F3333B21236D670096D54B /* PDKFitbitGenerator.m in Sources */,
				38FDC16621207B6100D2E51C /* NSArray+Statistics.m in Sources */,
				38FDC0EE211E0E8B00D2E51C /* PDKBaseGenerator.m in Sources */,
				38FDC104211E0EBE00D2E51C /* PDKGeneratorViewController.m in Sources */,
				38FDC0F1211E0E9600D2E51C /* PDKDataReportViewController.m in Sources */,
				38F3336C21238F190096D54B /* PDKAlertsTableViewController.m in Sources */,
				38FDC0E9211E0E8B00D2E51C /* PDKPedometerGenerator.m in Sources */,
				38FDC10C211E0EBE00D2E51C /* PDKGeneratorDetailsViewController.m in Sources */,
				3842F7571CDA20FE007F843D /* PassiveDataKit.m in Sources */,
				38276F092216444900859EA6 /* PDKSystemStatusGenerator.m in Sources */,
				38FDC0E0211E0E8B00D2E51C /* PDKEventsGenerator.m in Sources */,
				38FDC0C9211DDD3E00D2E51C /* PDKPedometerGeneratorViewController.m in Sources */,
				38FDC107211E0EBE00D2E51C /* PDKEventsGeneratorViewController.m in Sources */,
				384089D222F0E91300F18243 /* PDKAccelerometerGenerator.m in Sources */,
				38FDC0F5211E0EA300D2E51C /* PDKHttpTransmitter.m in Sources */,
				38FDC0E1211E0E8B00D2E51C /* PDKBatteryGenerator.m in Sources */,
				38FDC109211E0EBE00D2E51C /* PDKBatteryGeneratorViewController.m in Sources */,
				38F33395212EEAF20096D54B /* PDKWithingsGenerator.m in Sources */,
				389DE4D71EF74DDA009C8B27 /* NSString+RAInflections.m in Sources */,
			);
			runOnlyForDeploymentPostprocessing = 0;
		};
		3842F7371CDA2021007F843D /* Sources */ = {
			isa = PBXSourcesBuildPhase;
			buildActionMask = 2147483647;
			files = (
				3842F7411CDA2021007F843D /* PassiveDataKitTests.m in Sources */,
			);
			runOnlyForDeploymentPostprocessing = 0;
		};
/* End PBXSourcesBuildPhase section */

/* Begin PBXTargetDependency section */
		3842F73E1CDA2021007F843D /* PBXTargetDependency */ = {
			isa = PBXTargetDependency;
			target = 3842F7301CDA2021007F843D /* PassiveDataKit */;
			targetProxy = 3842F73D1CDA2021007F843D /* PBXContainerItemProxy */;
		};
/* End PBXTargetDependency section */

/* Begin XCBuildConfiguration section */
		3842F7431CDA2021007F843D /* Debug */ = {
			isa = XCBuildConfiguration;
			buildSettings = {
				ALWAYS_SEARCH_USER_PATHS = NO;
				CLANG_ANALYZER_LOCALIZABILITY_NONLOCALIZED = YES;
				CLANG_ANALYZER_NONNULL = YES;
				CLANG_CXX_LANGUAGE_STANDARD = "gnu++0x";
				CLANG_CXX_LIBRARY = "libc++";
				CLANG_ENABLE_MODULES = YES;
				CLANG_ENABLE_OBJC_ARC = YES;
				CLANG_WARN_BLOCK_CAPTURE_AUTORELEASING = YES;
				CLANG_WARN_BOOL_CONVERSION = YES;
				CLANG_WARN_COMMA = YES;
				CLANG_WARN_CONSTANT_CONVERSION = YES;
				CLANG_WARN_DEPRECATED_OBJC_IMPLEMENTATIONS = YES;
				CLANG_WARN_DIRECT_OBJC_ISA_USAGE = YES_ERROR;
				CLANG_WARN_EMPTY_BODY = YES;
				CLANG_WARN_ENUM_CONVERSION = YES;
				CLANG_WARN_INFINITE_RECURSION = YES;
				CLANG_WARN_INT_CONVERSION = YES;
				CLANG_WARN_NON_LITERAL_NULL_CONVERSION = YES;
				CLANG_WARN_OBJC_IMPLICIT_RETAIN_SELF = YES;
				CLANG_WARN_OBJC_LITERAL_CONVERSION = YES;
				CLANG_WARN_OBJC_ROOT_CLASS = YES_ERROR;
				CLANG_WARN_QUOTED_INCLUDE_IN_FRAMEWORK_HEADER = YES;
				CLANG_WARN_RANGE_LOOP_ANALYSIS = YES;
				CLANG_WARN_STRICT_PROTOTYPES = YES;
				CLANG_WARN_SUSPICIOUS_MOVE = YES;
				CLANG_WARN_UNREACHABLE_CODE = YES;
				CLANG_WARN__DUPLICATE_METHOD_MATCH = YES;
				"CODE_SIGN_IDENTITY[sdk=iphoneos*]" = "iPhone Developer";
				COMPILER_INDEX_STORE_ENABLE = NO;
				COPY_PHASE_STRIP = NO;
				CURRENT_PROJECT_VERSION = 1;
				DEBUG_INFORMATION_FORMAT = dwarf;
				ENABLE_STRICT_OBJC_MSGSEND = YES;
				ENABLE_TESTABILITY = YES;
				GCC_C_LANGUAGE_STANDARD = gnu99;
				GCC_DYNAMIC_NO_PIC = NO;
				GCC_NO_COMMON_BLOCKS = YES;
				GCC_OPTIMIZATION_LEVEL = 0;
				GCC_PREPROCESSOR_DEFINITIONS = (
					"DEBUG=1",
					"$(inherited)",
				);
				GCC_WARN_64_TO_32_BIT_CONVERSION = YES;
				GCC_WARN_ABOUT_RETURN_TYPE = YES_ERROR;
				GCC_WARN_UNDECLARED_SELECTOR = YES;
				GCC_WARN_UNINITIALIZED_AUTOS = YES_AGGRESSIVE;
				GCC_WARN_UNUSED_FUNCTION = YES;
				GCC_WARN_UNUSED_VARIABLE = YES;
				IPHONEOS_DEPLOYMENT_TARGET = 9.0;
				MTL_ENABLE_DEBUG_INFO = YES;
				ONLY_ACTIVE_ARCH = YES;
				SDKROOT = iphoneos;
				TARGETED_DEVICE_FAMILY = "1,2";
				VERSIONING_SYSTEM = "apple-generic";
				VERSION_INFO_PREFIX = "";
			};
			name = Debug;
		};
		3842F7441CDA2021007F843D /* Release */ = {
			isa = XCBuildConfiguration;
			buildSettings = {
				ALWAYS_SEARCH_USER_PATHS = NO;
				CLANG_ANALYZER_LOCALIZABILITY_NONLOCALIZED = YES;
				CLANG_ANALYZER_NONNULL = YES;
				CLANG_CXX_LANGUAGE_STANDARD = "gnu++0x";
				CLANG_CXX_LIBRARY = "libc++";
				CLANG_ENABLE_MODULES = YES;
				CLANG_ENABLE_OBJC_ARC = YES;
				CLANG_WARN_BLOCK_CAPTURE_AUTORELEASING = YES;
				CLANG_WARN_BOOL_CONVERSION = YES;
				CLANG_WARN_COMMA = YES;
				CLANG_WARN_CONSTANT_CONVERSION = YES;
				CLANG_WARN_DEPRECATED_OBJC_IMPLEMENTATIONS = YES;
				CLANG_WARN_DIRECT_OBJC_ISA_USAGE = YES_ERROR;
				CLANG_WARN_EMPTY_BODY = YES;
				CLANG_WARN_ENUM_CONVERSION = YES;
				CLANG_WARN_INFINITE_RECURSION = YES;
				CLANG_WARN_INT_CONVERSION = YES;
				CLANG_WARN_NON_LITERAL_NULL_CONVERSION = YES;
				CLANG_WARN_OBJC_IMPLICIT_RETAIN_SELF = YES;
				CLANG_WARN_OBJC_LITERAL_CONVERSION = YES;
				CLANG_WARN_OBJC_ROOT_CLASS = YES_ERROR;
				CLANG_WARN_QUOTED_INCLUDE_IN_FRAMEWORK_HEADER = YES;
				CLANG_WARN_RANGE_LOOP_ANALYSIS = YES;
				CLANG_WARN_STRICT_PROTOTYPES = YES;
				CLANG_WARN_SUSPICIOUS_MOVE = YES;
				CLANG_WARN_UNREACHABLE_CODE = YES;
				CLANG_WARN__DUPLICATE_METHOD_MATCH = YES;
				"CODE_SIGN_IDENTITY[sdk=iphoneos*]" = "iPhone Developer";
				COMPILER_INDEX_STORE_ENABLE = NO;
				COPY_PHASE_STRIP = NO;
				CURRENT_PROJECT_VERSION = 1;
				DEBUG_INFORMATION_FORMAT = "dwarf-with-dsym";
				ENABLE_NS_ASSERTIONS = NO;
				ENABLE_STRICT_OBJC_MSGSEND = YES;
				GCC_C_LANGUAGE_STANDARD = gnu99;
				GCC_NO_COMMON_BLOCKS = YES;
				GCC_WARN_64_TO_32_BIT_CONVERSION = YES;
				GCC_WARN_ABOUT_RETURN_TYPE = YES_ERROR;
				GCC_WARN_UNDECLARED_SELECTOR = YES;
				GCC_WARN_UNINITIALIZED_AUTOS = YES_AGGRESSIVE;
				GCC_WARN_UNUSED_FUNCTION = YES;
				GCC_WARN_UNUSED_VARIABLE = YES;
				IPHONEOS_DEPLOYMENT_TARGET = 9.0;
				MTL_ENABLE_DEBUG_INFO = NO;
				SDKROOT = iphoneos;
				TARGETED_DEVICE_FAMILY = "1,2";
				VALIDATE_PRODUCT = YES;
				VERSIONING_SYSTEM = "apple-generic";
				VERSION_INFO_PREFIX = "";
			};
			name = Release;
		};
		3842F7461CDA2021007F843D /* Debug */ = {
			isa = XCBuildConfiguration;
			baseConfigurationReference = 39F59A71EBEFBB33F457C448 /* Pods-PassiveDataKit.debug.xcconfig */;
			buildSettings = {
				CLANG_ENABLE_MODULES = YES;
				"CODE_SIGN_IDENTITY[sdk=iphoneos*]" = "";
				COPY_PHASE_STRIP = NO;
				DEFINES_MODULE = YES;
				DYLIB_COMPATIBILITY_VERSION = 1;
				DYLIB_CURRENT_VERSION = 1;
				DYLIB_INSTALL_NAME_BASE = "@rpath";
				INFOPLIST_FILE = PassiveDataKit/Info.plist;
				INSTALL_PATH = "$(LOCAL_LIBRARY_DIR)/Frameworks";
				IPHONEOS_DEPLOYMENT_TARGET = 9.0;
				MODULEMAP_FILE = PassiveDataKit/PassiveDataKit.modulemap;
				PRODUCT_BUNDLE_IDENTIFIER = "com.audacious-software.PassiveDataKit";
				PRODUCT_NAME = "$(TARGET_NAME)";
				SKIP_INSTALL = YES;
				STRIP_STYLE = debugging;
				SUPPORTS_MACCATALYST = NO;
				SWIFT_OPTIMIZATION_LEVEL = "-Onone";
				SWIFT_VERSION = 5.0;
			};
			name = Debug;
		};
		3842F7471CDA2021007F843D /* Release */ = {
			isa = XCBuildConfiguration;
			baseConfigurationReference = 4E5D3D0AAC020CFDA2CC4C3B /* Pods-PassiveDataKit.release.xcconfig */;
			buildSettings = {
				CLANG_ENABLE_MODULES = YES;
				"CODE_SIGN_IDENTITY[sdk=iphoneos*]" = "";
				COPY_PHASE_STRIP = NO;
				DEFINES_MODULE = YES;
				DYLIB_COMPATIBILITY_VERSION = 1;
				DYLIB_CURRENT_VERSION = 1;
				DYLIB_INSTALL_NAME_BASE = "@rpath";
				INFOPLIST_FILE = PassiveDataKit/Info.plist;
				INSTALL_PATH = "$(LOCAL_LIBRARY_DIR)/Frameworks";
				IPHONEOS_DEPLOYMENT_TARGET = 9.0;
				MODULEMAP_FILE = PassiveDataKit/PassiveDataKit.modulemap;
				PRODUCT_BUNDLE_IDENTIFIER = "com.audacious-software.PassiveDataKit";
				PRODUCT_NAME = "$(TARGET_NAME)";
				SKIP_INSTALL = YES;
				STRIP_STYLE = debugging;
				SUPPORTS_MACCATALYST = NO;
				SWIFT_VERSION = 5.0;
			};
			name = Release;
		};
		3842F7491CDA2021007F843D /* Debug */ = {
			isa = XCBuildConfiguration;
			baseConfigurationReference = 4C924B9DF5BE465A03CEF501 /* Pods-PassiveDataKitTests.debug.xcconfig */;
			buildSettings = {
				ALWAYS_EMBED_SWIFT_STANDARD_LIBRARIES = YES;
				INFOPLIST_FILE = PassiveDataKitTests/Info.plist;
				LD_RUNPATH_SEARCH_PATHS = "$(inherited) @executable_path/Frameworks @loader_path/Frameworks";
				PRODUCT_BUNDLE_IDENTIFIER = "com.audacious-software.PassiveDataKitTests";
				PRODUCT_NAME = "$(TARGET_NAME)";
			};
			name = Debug;
		};
		3842F74A1CDA2021007F843D /* Release */ = {
			isa = XCBuildConfiguration;
			baseConfigurationReference = 3EBA64E4987B51B4E905FD7F /* Pods-PassiveDataKitTests.release.xcconfig */;
			buildSettings = {
				ALWAYS_EMBED_SWIFT_STANDARD_LIBRARIES = YES;
				INFOPLIST_FILE = PassiveDataKitTests/Info.plist;
				LD_RUNPATH_SEARCH_PATHS = "$(inherited) @executable_path/Frameworks @loader_path/Frameworks";
				PRODUCT_BUNDLE_IDENTIFIER = "com.audacious-software.PassiveDataKitTests";
				PRODUCT_NAME = "$(TARGET_NAME)";
			};
			name = Release;
		};
/* End XCBuildConfiguration section */

/* Begin XCConfigurationList section */
		3842F72B1CDA2021007F843D /* Build configuration list for PBXProject "PassiveDataKit" */ = {
			isa = XCConfigurationList;
			buildConfigurations = (
				3842F7431CDA2021007F843D /* Debug */,
				3842F7441CDA2021007F843D /* Release */,
			);
			defaultConfigurationIsVisible = 0;
			defaultConfigurationName = Release;
		};
		3842F7451CDA2021007F843D /* Build configuration list for PBXNativeTarget "PassiveDataKit" */ = {
			isa = XCConfigurationList;
			buildConfigurations = (
				3842F7461CDA2021007F843D /* Debug */,
				3842F7471CDA2021007F843D /* Release */,
			);
			defaultConfigurationIsVisible = 0;
			defaultConfigurationName = Release;
		};
		3842F7481CDA2021007F843D /* Build configuration list for PBXNativeTarget "PassiveDataKitTests" */ = {
			isa = XCConfigurationList;
			buildConfigurations = (
				3842F7491CDA2021007F843D /* Debug */,
				3842F74A1CDA2021007F843D /* Release */,
			);
			defaultConfigurationIsVisible = 0;
			defaultConfigurationName = Release;
		};
/* End XCConfigurationList section */
	};
	rootObject = 3842F7281CDA2021007F843D /* Project object */;
}
