// !$*UTF8*$!
{
	archiveVersion = 1;
	classes = {
	};
	objectVersion = 46;
	objects = {

/* Begin PBXBuildFile section */
		3842F7351CDA2021007F843D /* PassiveDataKit.h in Headers */ = {isa = PBXBuildFile; fileRef = 3842F7341CDA2021007F843D /* PassiveDataKit.h */; settings = {ATTRIBUTES = (Public, ); }; };
		3842F73C1CDA2021007F843D /* PassiveDataKit.framework in Frameworks */ = {isa = PBXBuildFile; fileRef = 3842F7311CDA2021007F843D /* PassiveDataKit.framework */; };
		3842F7411CDA2021007F843D /* PassiveDataKitTests.m in Sources */ = {isa = PBXBuildFile; fileRef = 3842F7401CDA2021007F843D /* PassiveDataKitTests.m */; };
		3842F7571CDA20FE007F843D /* PassiveDataKit.m in Sources */ = {isa = PBXBuildFile; fileRef = 3842F7551CDA20FE007F843D /* PassiveDataKit.m */; };
		38A6523C1CDA2D9B00AE8B3B /* PDKLocationGenerator.h in Headers */ = {isa = PBXBuildFile; fileRef = 38A6523A1CDA2D9B00AE8B3B /* PDKLocationGenerator.h */; };
		38A6523D1CDA2D9B00AE8B3B /* PDKLocationGenerator.m in Sources */ = {isa = PBXBuildFile; fileRef = 38A6523B1CDA2D9B00AE8B3B /* PDKLocationGenerator.m */; };
		38A652431CDA30DB00AE8B3B /* CoreLocation.framework in Frameworks */ = {isa = PBXBuildFile; fileRef = 38A652421CDA30DB00AE8B3B /* CoreLocation.framework */; };
/* End PBXBuildFile section */

/* Begin PBXContainerItemProxy section */
		3842F73D1CDA2021007F843D /* PBXContainerItemProxy */ = {
			isa = PBXContainerItemProxy;
			containerPortal = 3842F7281CDA2021007F843D /* Project object */;
			proxyType = 1;
			remoteGlobalIDString = 3842F7301CDA2021007F843D;
			remoteInfo = PassiveDataKit;
		};
/* End PBXContainerItemProxy section */

/* Begin PBXFileReference section */
		3842F7311CDA2021007F843D /* PassiveDataKit.framework */ = {isa = PBXFileReference; explicitFileType = wrapper.framework; includeInIndex = 0; path = PassiveDataKit.framework; sourceTree = BUILT_PRODUCTS_DIR; };
		3842F7341CDA2021007F843D /* PassiveDataKit.h */ = {isa = PBXFileReference; lastKnownFileType = sourcecode.c.h; path = PassiveDataKit.h; sourceTree = "<group>"; };
		3842F7361CDA2021007F843D /* Info.plist */ = {isa = PBXFileReference; lastKnownFileType = text.plist.xml; path = Info.plist; sourceTree = "<group>"; };
		3842F73B1CDA2021007F843D /* PassiveDataKitTests.xctest */ = {isa = PBXFileReference; explicitFileType = wrapper.cfbundle; includeInIndex = 0; path = PassiveDataKitTests.xctest; sourceTree = BUILT_PRODUCTS_DIR; };
		3842F7401CDA2021007F843D /* PassiveDataKitTests.m */ = {isa = PBXFileReference; lastKnownFileType = sourcecode.c.objc; path = PassiveDataKitTests.m; sourceTree = "<group>"; };
		3842F7421CDA2021007F843D /* Info.plist */ = {isa = PBXFileReference; lastKnownFileType = text.plist.xml; path = Info.plist; sourceTree = "<group>"; };
		3842F7551CDA20FE007F843D /* PassiveDataKit.m */ = {isa = PBXFileReference; fileEncoding = 4; lastKnownFileType = sourcecode.c.objc; path = PassiveDataKit.m; sourceTree = "<group>"; };
		38A6523A1CDA2D9B00AE8B3B /* PDKLocationGenerator.h */ = {isa = PBXFileReference; fileEncoding = 4; lastKnownFileType = sourcecode.c.h; path = PDKLocationGenerator.h; sourceTree = "<group>"; };
		38A6523B1CDA2D9B00AE8B3B /* PDKLocationGenerator.m */ = {isa = PBXFileReference; fileEncoding = 4; lastKnownFileType = sourcecode.c.objc; path = PDKLocationGenerator.m; sourceTree = "<group>"; };
		38A652421CDA30DB00AE8B3B /* CoreLocation.framework */ = {isa = PBXFileReference; lastKnownFileType = wrapper.framework; name = CoreLocation.framework; path = System/Library/Frameworks/CoreLocation.framework; sourceTree = SDKROOT; };
/* End PBXFileReference section */

/* Begin PBXFrameworksBuildPhase section */
		3842F72D1CDA2021007F843D /* Frameworks */ = {
			isa = PBXFrameworksBuildPhase;
			buildActionMask = 2147483647;
			files = (
				38A652431CDA30DB00AE8B3B /* CoreLocation.framework in Frameworks */,
			);
			runOnlyForDeploymentPostprocessing = 0;
		};
		3842F7381CDA2021007F843D /* Frameworks */ = {
			isa = PBXFrameworksBuildPhase;
			buildActionMask = 2147483647;
			files = (
				3842F73C1CDA2021007F843D /* PassiveDataKit.framework in Frameworks */,
			);
			runOnlyForDeploymentPostprocessing = 0;
		};
/* End PBXFrameworksBuildPhase section */

/* Begin PBXGroup section */
		3842F7271CDA2021007F843D = {
			isa = PBXGroup;
			children = (
				3842F7331CDA2021007F843D /* PassiveDataKit */,
				3842F73F1CDA2021007F843D /* PassiveDataKitTests */,
				38A652441CDA30E800AE8B3B /* Frameworks */,
				3842F7321CDA2021007F843D /* Products */,
			);
			sourceTree = "<group>";
		};
		3842F7321CDA2021007F843D /* Products */ = {
			isa = PBXGroup;
			children = (
				3842F7311CDA2021007F843D /* PassiveDataKit.framework */,
				3842F73B1CDA2021007F843D /* PassiveDataKitTests.xctest */,
			);
			name = Products;
			sourceTree = "<group>";
		};
		3842F7331CDA2021007F843D /* PassiveDataKit */ = {
			isa = PBXGroup;
			children = (
				3842F7341CDA2021007F843D /* PassiveDataKit.h */,
				3842F7551CDA20FE007F843D /* PassiveDataKit.m */,
				3842F7361CDA2021007F843D /* Info.plist */,
				38A6523A1CDA2D9B00AE8B3B /* PDKLocationGenerator.h */,
				38A6523B1CDA2D9B00AE8B3B /* PDKLocationGenerator.m */,
			);
			path = PassiveDataKit;
			sourceTree = "<group>";
		};
		3842F73F1CDA2021007F843D /* PassiveDataKitTests */ = {
			isa = PBXGroup;
			children = (
				3842F7401CDA2021007F843D /* PassiveDataKitTests.m */,
				3842F7421CDA2021007F843D /* Info.plist */,
			);
			path = PassiveDataKitTests;
			sourceTree = "<group>";
		};
		38A652441CDA30E800AE8B3B /* Frameworks */ = {
			isa = PBXGroup;
			children = (
				38A652421CDA30DB00AE8B3B /* CoreLocation.framework */,
			);
			name = Frameworks;
			sourceTree = "<group>";
		};
/* End PBXGroup section */

/* Begin PBXHeadersBuildPhase section */
		3842F72E1CDA2021007F843D /* Headers */ = {
			isa = PBXHeadersBuildPhase;
			buildActionMask = 2147483647;
			files = (
				3842F7351CDA2021007F843D /* PassiveDataKit.h in Headers */,
				38A6523C1CDA2D9B00AE8B3B /* PDKLocationGenerator.h in Headers */,
			);
			runOnlyForDeploymentPostprocessing = 0;
		};
/* End PBXHeadersBuildPhase section */

/* Begin PBXNativeTarget section */
		3842F7301CDA2021007F843D /* PassiveDataKit */ = {
			isa = PBXNativeTarget;
			buildConfigurationList = 3842F7451CDA2021007F843D /* Build configuration list for PBXNativeTarget "PassiveDataKit" */;
			buildPhases = (
				3842F72C1CDA2021007F843D /* Sources */,
				3842F72D1CDA2021007F843D /* Frameworks */,
				3842F72E1CDA2021007F843D /* Headers */,
				3842F72F1CDA2021007F843D /* Resources */,
			);
			buildRules = (
			);
			dependencies = (
			);
			name = PassiveDataKit;
			productName = PassiveDataKit;
			productReference = 3842F7311CDA2021007F843D /* PassiveDataKit.framework */;
			productType = "com.apple.product-type.framework";
		};
		3842F73A1CDA2021007F843D /* PassiveDataKitTests */ = {
			isa = PBXNativeTarget;
			buildConfigurationList = 3842F7481CDA2021007F843D /* Build configuration list for PBXNativeTarget "PassiveDataKitTests" */;
			buildPhases = (
				3842F7371CDA2021007F843D /* Sources */,
				3842F7381CDA2021007F843D /* Frameworks */,
				3842F7391CDA2021007F843D /* Resources */,
			);
			buildRules = (
			);
			dependencies = (
				3842F73E1CDA2021007F843D /* PBXTargetDependency */,
			);
			name = PassiveDataKitTests;
			productName = PassiveDataKitTests;
			productReference = 3842F73B1CDA2021007F843D /* PassiveDataKitTests.xctest */;
			productType = "com.apple.product-type.bundle.unit-test";
		};
/* End PBXNativeTarget section */

/* Begin PBXProject section */
		3842F7281CDA2021007F843D /* Project object */ = {
			isa = PBXProject;
			attributes = {
				LastUpgradeCheck = 0730;
				ORGANIZATIONNAME = "Audacious Software";
				TargetAttributes = {
					3842F7301CDA2021007F843D = {
						CreatedOnToolsVersion = 7.3;
					};
					3842F73A1CDA2021007F843D = {
						CreatedOnToolsVersion = 7.3;
					};
				};
			};
			buildConfigurationList = 3842F72B1CDA2021007F843D /* Build configuration list for PBXProject "PassiveDataKit" */;
			compatibilityVersion = "Xcode 3.2";
			developmentRegion = English;
			hasScannedForEncodings = 0;
			knownRegions = (
				en,
			);
			mainGroup = 3842F7271CDA2021007F843D;
			productRefGroup = 3842F7321CDA2021007F843D /* Products */;
			projectDirPath = "";
			projectRoot = "";
			targets = (
				3842F7301CDA2021007F843D /* PassiveDataKit */,
				3842F73A1CDA2021007F843D /* PassiveDataKitTests */,
			);
		};
/* End PBXProject section */

/* Begin PBXResourcesBuildPhase section */
		3842F72F1CDA2021007F843D /* Resources */ = {
			isa = PBXResourcesBuildPhase;
			buildActionMask = 2147483647;
			files = (
			);
			runOnlyForDeploymentPostprocessing = 0;
		};
		3842F7391CDA2021007F843D /* Resources */ = {
			isa = PBXResourcesBuildPhase;
			buildActionMask = 2147483647;
			files = (
			);
			runOnlyForDeploymentPostprocessing = 0;
		};
/* End PBXResourcesBuildPhase section */

/* Begin PBXSourcesBuildPhase section */
		3842F72C1CDA2021007F843D /* Sources */ = {
			isa = PBXSourcesBuildPhase;
			buildActionMask = 2147483647;
			files = (
				38A6523D1CDA2D9B00AE8B3B /* PDKLocationGenerator.m in Sources */,
				3842F7571CDA20FE007F843D /* PassiveDataKit.m in Sources */,
			);
			runOnlyForDeploymentPostprocessing = 0;
		};
		3842F7371CDA2021007F843D /* Sources */ = {
			isa = PBXSourcesBuildPhase;
			buildActionMask = 2147483647;
			files = (
				3842F7411CDA2021007F843D /* PassiveDataKitTests.m in Sources */,
			);
			runOnlyForDeploymentPostprocessing = 0;
		};
/* End PBXSourcesBuildPhase section */

/* Begin PBXTargetDependency section */
		3842F73E1CDA2021007F843D /* PBXTargetDependency */ = {
			isa = PBXTargetDependency;
			target = 3842F7301CDA2021007F843D /* PassiveDataKit */;
			targetProxy = 3842F73D1CDA2021007F843D /* PBXContainerItemProxy */;
		};
/* End PBXTargetDependency section */

/* Begin XCBuildConfiguration section */
		3842F7431CDA2021007F843D /* Debug */ = {
			isa = XCBuildConfiguration;
			buildSettings = {
				ALWAYS_SEARCH_USER_PATHS = NO;
				CLANG_ANALYZER_NONNULL = YES;
				CLANG_CXX_LANGUAGE_STANDARD = "gnu++0x";
				CLANG_CXX_LIBRARY = "libc++";
				CLANG_ENABLE_MODULES = YES;
				CLANG_ENABLE_OBJC_ARC = YES;
				CLANG_WARN_BOOL_CONVERSION = YES;
				CLANG_WARN_CONSTANT_CONVERSION = YES;
				CLANG_WARN_DIRECT_OBJC_ISA_USAGE = YES_ERROR;
				CLANG_WARN_EMPTY_BODY = YES;
				CLANG_WARN_ENUM_CONVERSION = YES;
				CLANG_WARN_INT_CONVERSION = YES;
				CLANG_WARN_OBJC_ROOT_CLASS = YES_ERROR;
				CLANG_WARN_UNREACHABLE_CODE = YES;
				CLANG_WARN__DUPLICATE_METHOD_MATCH = YES;
				"CODE_SIGN_IDENTITY[sdk=iphoneos*]" = "iPhone Developer";
				COPY_PHASE_STRIP = NO;
				CURRENT_PROJECT_VERSION = 1;
				DEBUG_INFORMATION_FORMAT = dwarf;
				ENABLE_STRICT_OBJC_MSGSEND = YES;
				ENABLE_TESTABILITY = YES;
				GCC_C_LANGUAGE_STANDARD = gnu99;
				GCC_DYNAMIC_NO_PIC = NO;
				GCC_NO_COMMON_BLOCKS = YES;
				GCC_OPTIMIZATION_LEVEL = 0;
				GCC_PREPROCESSOR_DEFINITIONS = (
					"DEBUG=1",
					"$(inherited)",
				);
				GCC_WARN_64_TO_32_BIT_CONVERSION = YES;
				GCC_WARN_ABOUT_RETURN_TYPE = YES_ERROR;
				GCC_WARN_UNDECLARED_SELECTOR = YES;
				GCC_WARN_UNINITIALIZED_AUTOS = YES_AGGRESSIVE;
				GCC_WARN_UNUSED_FUNCTION = YES;
				GCC_WARN_UNUSED_VARIABLE = YES;
				IPHONEOS_DEPLOYMENT_TARGET = 9.3;
				MTL_ENABLE_DEBUG_INFO = YES;
				ONLY_ACTIVE_ARCH = YES;
				SDKROOT = iphoneos;
				TARGETED_DEVICE_FAMILY = "1,2";
				VERSIONING_SYSTEM = "apple-generic";
				VERSION_INFO_PREFIX = "";
			};
			name = Debug;
		};
		3842F7441CDA2021007F843D /* Release */ = {
			isa = XCBuildConfiguration;
			buildSettings = {
				ALWAYS_SEARCH_USER_PATHS = NO;
				CLANG_ANALYZER_NONNULL = YES;
				CLANG_CXX_LANGUAGE_STANDARD = "gnu++0x";
				CLANG_CXX_LIBRARY = "libc++";
				CLANG_ENABLE_MODULES = YES;
				CLANG_ENABLE_OBJC_ARC = YES;
				CLANG_WARN_BOOL_CONVERSION = YES;
				CLANG_WARN_CONSTANT_CONVERSION = YES;
				CLANG_WARN_DIRECT_OBJC_ISA_USAGE = YES_ERROR;
				CLANG_WARN_EMPTY_BODY = YES;
				CLANG_WARN_ENUM_CONVERSION = YES;
				CLANG_WARN_INT_CONVERSION = YES;
				CLANG_WARN_OBJC_ROOT_CLASS = YES_ERROR;
				CLANG_WARN_UNREACHABLE_CODE = YES;
				CLANG_WARN__DUPLICATE_METHOD_MATCH = YES;
				"CODE_SIGN_IDENTITY[sdk=iphoneos*]" = "iPhone Developer";
				COPY_PHASE_STRIP = NO;
				CURRENT_PROJECT_VERSION = 1;
				DEBUG_INFORMATION_FORMAT = "dwarf-with-dsym";
				ENABLE_NS_ASSERTIONS = NO;
				ENABLE_STRICT_OBJC_MSGSEND = YES;
				GCC_C_LANGUAGE_STANDARD = gnu99;
				GCC_NO_COMMON_BLOCKS = YES;
				GCC_WARN_64_TO_32_BIT_CONVERSION = YES;
				GCC_WARN_ABOUT_RETURN_TYPE = YES_ERROR;
				GCC_WARN_UNDECLARED_SELECTOR = YES;
				GCC_WARN_UNINITIALIZED_AUTOS = YES_AGGRESSIVE;
				GCC_WARN_UNUSED_FUNCTION = YES;
				GCC_WARN_UNUSED_VARIABLE = YES;
				IPHONEOS_DEPLOYMENT_TARGET = 9.3;
				MTL_ENABLE_DEBUG_INFO = NO;
				SDKROOT = iphoneos;
				TARGETED_DEVICE_FAMILY = "1,2";
				VALIDATE_PRODUCT = YES;
				VERSIONING_SYSTEM = "apple-generic";
				VERSION_INFO_PREFIX = "";
			};
			name = Release;
		};
		3842F7461CDA2021007F843D /* Debug */ = {
			isa = XCBuildConfiguration;
			buildSettings = {
				DEFINES_MODULE = YES;
				DYLIB_COMPATIBILITY_VERSION = 1;
				DYLIB_CURRENT_VERSION = 1;
				DYLIB_INSTALL_NAME_BASE = "@rpath";
				INFOPLIST_FILE = PassiveDataKit/Info.plist;
				INSTALL_PATH = "$(LOCAL_LIBRARY_DIR)/Frameworks";
				LD_RUNPATH_SEARCH_PATHS = "$(inherited) @executable_path/Frameworks @loader_path/Frameworks";
				PRODUCT_BUNDLE_IDENTIFIER = "com.audacious-software.PassiveDataKit";
				PRODUCT_NAME = "$(TARGET_NAME)";
				SKIP_INSTALL = YES;
			};
			name = Debug;
		};
		3842F7471CDA2021007F843D /* Release */ = {
			isa = XCBuildConfiguration;
			buildSettings = {
				DEFINES_MODULE = YES;
				DYLIB_COMPATIBILITY_VERSION = 1;
				DYLIB_CURRENT_VERSION = 1;
				DYLIB_INSTALL_NAME_BASE = "@rpath";
				INFOPLIST_FILE = PassiveDataKit/Info.plist;
				INSTALL_PATH = "$(LOCAL_LIBRARY_DIR)/Frameworks";
				LD_RUNPATH_SEARCH_PATHS = "$(inherited) @executable_path/Frameworks @loader_path/Frameworks";
				PRODUCT_BUNDLE_IDENTIFIER = "com.audacious-software.PassiveDataKit";
				PRODUCT_NAME = "$(TARGET_NAME)";
				SKIP_INSTALL = YES;
			};
			name = Release;
		};
		3842F7491CDA2021007F843D /* Debug */ = {
			isa = XCBuildConfiguration;
			buildSettings = {
				INFOPLIST_FILE = PassiveDataKitTests/Info.plist;
				LD_RUNPATH_SEARCH_PATHS = "$(inherited) @executable_path/Frameworks @loader_path/Frameworks";
				PRODUCT_BUNDLE_IDENTIFIER = "com.audacious-software.PassiveDataKitTests";
				PRODUCT_NAME = "$(TARGET_NAME)";
			};
			name = Debug;
		};
		3842F74A1CDA2021007F843D /* Release */ = {
			isa = XCBuildConfiguration;
			buildSettings = {
				INFOPLIST_FILE = PassiveDataKitTests/Info.plist;
				LD_RUNPATH_SEARCH_PATHS = "$(inherited) @executable_path/Frameworks @loader_path/Frameworks";
				PRODUCT_BUNDLE_IDENTIFIER = "com.audacious-software.PassiveDataKitTests";
				PRODUCT_NAME = "$(TARGET_NAME)";
			};
			name = Release;
		};
/* End XCBuildConfiguration section */

/* Begin XCConfigurationList section */
		3842F72B1CDA2021007F843D /* Build configuration list for PBXProject "PassiveDataKit" */ = {
			isa = XCConfigurationList;
			buildConfigurations = (
				3842F7431CDA2021007F843D /* Debug */,
				3842F7441CDA2021007F843D /* Release */,
			);
			defaultConfigurationIsVisible = 0;
			defaultConfigurationName = Release;
		};
		3842F7451CDA2021007F843D /* Build configuration list for PBXNativeTarget "PassiveDataKit" */ = {
			isa = XCConfigurationList;
			buildConfigurations = (
				3842F7461CDA2021007F843D /* Debug */,
				3842F7471CDA2021007F843D /* Release */,
			);
			defaultConfigurationIsVisible = 0;
			defaultConfigurationName = Release;
		};
		3842F7481CDA2021007F843D /* Build configuration list for PBXNativeTarget "PassiveDataKitTests" */ = {
			isa = XCConfigurationList;
			buildConfigurations = (
				3842F7491CDA2021007F843D /* Debug */,
				3842F74A1CDA2021007F843D /* Release */,
			);
			defaultConfigurationIsVisible = 0;
			defaultConfigurationName = Release;
		};
/* End XCConfigurationList section */
	};
	rootObject = 3842F7281CDA2021007F843D /* Project object */;
}
